// !$*UTF8*$!
{
	archiveVersion = 1;
	classes = {
	};
	objectVersion = 50;
	objects = {

/* Begin PBXBuildFile section */
		340C7199245BC9200035CFF1 /* MemeCollectionCollectionViewController.swift in Sources */ = {isa = PBXBuildFile; fileRef = 340C7198245BC9200035CFF1 /* MemeCollectionCollectionViewController.swift */; };
		340C719B245BCA860035CFF1 /* MemeCollectionViewCell.swift in Sources */ = {isa = PBXBuildFile; fileRef = 340C719A245BCA860035CFF1 /* MemeCollectionViewCell.swift */; };
		340C719D245CDF050035CFF1 /* MemeCellView.swift in Sources */ = {isa = PBXBuildFile; fileRef = 340C719C245CDF050035CFF1 /* MemeCellView.swift */; };
		34456FE2244FEB8D00D82B8B /* TextFieldMemeDelegate.swift in Sources */ = {isa = PBXBuildFile; fileRef = 34456FE1244FEB8D00D82B8B /* TextFieldMemeDelegate.swift */; };
		34456FE4244FEC3500D82B8B /* Meme.swift in Sources */ = {isa = PBXBuildFile; fileRef = 34456FE3244FEC3500D82B8B /* Meme.swift */; };
		348AC69E244E468A0032F056 /* AppDelegate.swift in Sources */ = {isa = PBXBuildFile; fileRef = 348AC69D244E468A0032F056 /* AppDelegate.swift */; };
		348AC6A0244E468A0032F056 /* SceneDelegate.swift in Sources */ = {isa = PBXBuildFile; fileRef = 348AC69F244E468A0032F056 /* SceneDelegate.swift */; };
		348AC6A2244E468A0032F056 /* MemeEditorViewController.swift in Sources */ = {isa = PBXBuildFile; fileRef = 348AC6A1244E468A0032F056 /* MemeEditorViewController.swift */; };
		348AC6A5244E468A0032F056 /* Main.storyboard in Resources */ = {isa = PBXBuildFile; fileRef = 348AC6A3244E468A0032F056 /* Main.storyboard */; };
		348AC6A7244E468F0032F056 /* Assets.xcassets in Resources */ = {isa = PBXBuildFile; fileRef = 348AC6A6244E468F0032F056 /* Assets.xcassets */; };
		348AC6AA244E468F0032F056 /* LaunchScreen.storyboard in Resources */ = {isa = PBXBuildFile; fileRef = 348AC6A8244E468F0032F056 /* LaunchScreen.storyboard */; };
		34AFDD462458F26C006C7572 /* MemeTableViewController.swift in Sources */ = {isa = PBXBuildFile; fileRef = 34AFDD452458F26C006C7572 /* MemeTableViewController.swift */; };
/* End PBXBuildFile section */

/* Begin PBXFileReference section */
		340C7198245BC9200035CFF1 /* MemeCollectionCollectionViewController.swift */ = {isa = PBXFileReference; lastKnownFileType = sourcecode.swift; path = MemeCollectionCollectionViewController.swift; sourceTree = "<group>"; };
		340C719A245BCA860035CFF1 /* MemeCollectionViewCell.swift */ = {isa = PBXFileReference; lastKnownFileType = sourcecode.swift; path = MemeCollectionViewCell.swift; sourceTree = "<group>"; };
		340C719C245CDF050035CFF1 /* MemeCellView.swift */ = {isa = PBXFileReference; lastKnownFileType = sourcecode.swift; path = MemeCellView.swift; sourceTree = "<group>"; };
		34456FE1244FEB8D00D82B8B /* TextFieldMemeDelegate.swift */ = {isa = PBXFileReference; lastKnownFileType = sourcecode.swift; path = TextFieldMemeDelegate.swift; sourceTree = "<group>"; };
		34456FE3244FEC3500D82B8B /* Meme.swift */ = {isa = PBXFileReference; lastKnownFileType = sourcecode.swift; path = Meme.swift; sourceTree = "<group>"; };
		348AC69A244E468A0032F056 /* MemeMe.app */ = {isa = PBXFileReference; explicitFileType = wrapper.application; includeInIndex = 0; path = MemeMe.app; sourceTree = BUILT_PRODUCTS_DIR; };
		348AC69D244E468A0032F056 /* AppDelegate.swift */ = {isa = PBXFileReference; lastKnownFileType = sourcecode.swift; path = AppDelegate.swift; sourceTree = "<group>"; };
		348AC69F244E468A0032F056 /* SceneDelegate.swift */ = {isa = PBXFileReference; lastKnownFileType = sourcecode.swift; path = SceneDelegate.swift; sourceTree = "<group>"; };
		348AC6A1244E468A0032F056 /* MemeEditorViewController.swift */ = {isa = PBXFileReference; lastKnownFileType = sourcecode.swift; path = MemeEditorViewController.swift; sourceTree = "<group>"; };
		348AC6A4244E468A0032F056 /* Base */ = {isa = PBXFileReference; lastKnownFileType = file.storyboard; name = Base; path = Base.lproj/Main.storyboard; sourceTree = "<group>"; };
		348AC6A6244E468F0032F056 /* Assets.xcassets */ = {isa = PBXFileReference; lastKnownFileType = folder.assetcatalog; path = Assets.xcassets; sourceTree = "<group>"; };
		348AC6A9244E468F0032F056 /* Base */ = {isa = PBXFileReference; lastKnownFileType = file.storyboard; name = Base; path = Base.lproj/LaunchScreen.storyboard; sourceTree = "<group>"; };
		348AC6AB244E468F0032F056 /* Info.plist */ = {isa = PBXFileReference; lastKnownFileType = text.plist.xml; path = Info.plist; sourceTree = "<group>"; };
		34AFDD452458F26C006C7572 /* MemeTableViewController.swift */ = {isa = PBXFileReference; lastKnownFileType = sourcecode.swift; path = MemeTableViewController.swift; sourceTree = "<group>"; };
/* End PBXFileReference section */

/* Begin PBXFrameworksBuildPhase section */
		348AC697244E468A0032F056 /* Frameworks */ = {
			isa = PBXFrameworksBuildPhase;
			buildActionMask = 2147483647;
			files = (
			);
			runOnlyForDeploymentPostprocessing = 0;
		};
/* End PBXFrameworksBuildPhase section */

/* Begin PBXGroup section */
		348AC691244E468A0032F056 = {
			isa = PBXGroup;
			children = (
				348AC69C244E468A0032F056 /* MemeMe1.0 */,
				348AC69B244E468A0032F056 /* Products */,
			);
			sourceTree = "<group>";
		};
		348AC69B244E468A0032F056 /* Products */ = {
			isa = PBXGroup;
			children = (
				348AC69A244E468A0032F056 /* MemeMe.app */,
			);
			name = Products;
			sourceTree = "<group>";
		};
		348AC69C244E468A0032F056 /* MemeMe1.0 */ = {
			isa = PBXGroup;
			children = (
				348AC69D244E468A0032F056 /* AppDelegate.swift */,
				348AC69F244E468A0032F056 /* SceneDelegate.swift */,
				34AFDD452458F26C006C7572 /* MemeTableViewController.swift */,
				340C719C245CDF050035CFF1 /* MemeCellView.swift */,
				340C7198245BC9200035CFF1 /* MemeCollectionCollectionViewController.swift */,
				340C719A245BCA860035CFF1 /* MemeCollectionViewCell.swift */,
				348AC6A1244E468A0032F056 /* MemeEditorViewController.swift */,
				348AC6A3244E468A0032F056 /* Main.storyboard */,
				348AC6A6244E468F0032F056 /* Assets.xcassets */,
				348AC6A8244E468F0032F056 /* LaunchScreen.storyboard */,
				348AC6AB244E468F0032F056 /* Info.plist */,
				34456FE1244FEB8D00D82B8B /* TextFieldMemeDelegate.swift */,
				34456FE3244FEC3500D82B8B /* Meme.swift */,
			);
			path = MemeMe1.0;
			sourceTree = "<group>";
		};
/* End PBXGroup section */

/* Begin PBXNativeTarget section */
		348AC699244E468A0032F056 /* MemeMe1.0 */ = {
			isa = PBXNativeTarget;
			buildConfigurationList = 348AC6AE244E468F0032F056 /* Build configuration list for PBXNativeTarget "MemeMe1.0" */;
			buildPhases = (
				348AC696244E468A0032F056 /* Sources */,
				348AC697244E468A0032F056 /* Frameworks */,
				348AC698244E468A0032F056 /* Resources */,
			);
			buildRules = (
			);
			dependencies = (
			);
			name = MemeMe1.0;
			productName = MemeMe1.0;
			productReference = 348AC69A244E468A0032F056 /* MemeMe.app */;
			productType = "com.apple.product-type.application";
		};
/* End PBXNativeTarget section */

/* Begin PBXProject section */
		348AC692244E468A0032F056 /* Project object */ = {
			isa = PBXProject;
			attributes = {
				LastSwiftUpdateCheck = 1140;
				LastUpgradeCheck = 1140;
				ORGANIZATIONNAME = "Jonathan Miranda";
				TargetAttributes = {
					348AC699244E468A0032F056 = {
						CreatedOnToolsVersion = 11.4.1;
					};
				};
			};
			buildConfigurationList = 348AC695244E468A0032F056 /* Build configuration list for PBXProject "MemeMe1.0" */;
			compatibilityVersion = "Xcode 9.3";
			developmentRegion = en;
			hasScannedForEncodings = 0;
			knownRegions = (
				en,
				Base,
			);
			mainGroup = 348AC691244E468A0032F056;
			productRefGroup = 348AC69B244E468A0032F056 /* Products */;
			projectDirPath = "";
			projectRoot = "";
			targets = (
				348AC699244E468A0032F056 /* MemeMe1.0 */,
			);
		};
/* End PBXProject section */

/* Begin PBXResourcesBuildPhase section */
		348AC698244E468A0032F056 /* Resources */ = {
			isa = PBXResourcesBuildPhase;
			buildActionMask = 2147483647;
			files = (
				348AC6AA244E468F0032F056 /* LaunchScreen.storyboard in Resources */,
				348AC6A7244E468F0032F056 /* Assets.xcassets in Resources */,
				348AC6A5244E468A0032F056 /* Main.storyboard in Resources */,
			);
			runOnlyForDeploymentPostprocessing = 0;
		};
/* End PBXResourcesBuildPhase section */

/* Begin PBXSourcesBuildPhase section */
		348AC696244E468A0032F056 /* Sources */ = {
			isa = PBXSourcesBuildPhase;
			buildActionMask = 2147483647;
			files = (
				348AC6A2244E468A0032F056 /* MemeEditorViewController.swift in Sources */,
				348AC69E244E468A0032F056 /* AppDelegate.swift in Sources */,
				340C719B245BCA860035CFF1 /* MemeCollectionViewCell.swift in Sources */,
				34456FE2244FEB8D00D82B8B /* TextFieldMemeDelegate.swift in Sources */,
				34AFDD462458F26C006C7572 /* MemeTableViewController.swift in Sources */,
				348AC6A0244E468A0032F056 /* SceneDelegate.swift in Sources */,
				34456FE4244FEC3500D82B8B /* Meme.swift in Sources */,
				340C719D245CDF050035CFF1 /* MemeCellView.swift in Sources */,
				340C7199245BC9200035CFF1 /* MemeCollectionCollectionViewController.swift in Sources */,
			);
			runOnlyForDeploymentPostprocessing = 0;
		};
/* End PBXSourcesBuildPhase section */

/* Begin PBXVariantGroup section */
		348AC6A3244E468A0032F056 /* Main.storyboard */ = {
			isa = PBXVariantGroup;
			children = (
				348AC6A4244E468A0032F056 /* Base */,
			);
			name = Main.storyboard;
			sourceTree = "<group>";
		};
		348AC6A8244E468F0032F056 /* LaunchScreen.storyboard */ = {
			isa = PBXVariantGroup;
			children = (
				348AC6A9244E468F0032F056 /* Base */,
			);
			name = LaunchScreen.storyboard;
			sourceTree = "<group>";
		};
/* End PBXVariantGroup section */

/* Begin XCBuildConfiguration section */
		348AC6AC244E468F0032F056 /* Debug */ = {
			isa = XCBuildConfiguration;
			buildSettings = {
				ALWAYS_SEARCH_USER_PATHS = NO;
				CLANG_ANALYZER_NONNULL = YES;
				CLANG_ANALYZER_NUMBER_OBJECT_CONVERSION = YES_AGGRESSIVE;
				CLANG_CXX_LANGUAGE_STANDARD = "gnu++14";
				CLANG_CXX_LIBRARY = "libc++";
				CLANG_ENABLE_MODULES = YES;
				CLANG_ENABLE_OBJC_ARC = YES;
				CLANG_ENABLE_OBJC_WEAK = YES;
				CLANG_WARN_BLOCK_CAPTURE_AUTORELEASING = YES;
				CLANG_WARN_BOOL_CONVERSION = YES;
				CLANG_WARN_COMMA = YES;
				CLANG_WARN_CONSTANT_CONVERSION = YES;
				CLANG_WARN_DEPRECATED_OBJC_IMPLEMENTATIONS = YES;
				CLANG_WARN_DIRECT_OBJC_ISA_USAGE = YES_ERROR;
				CLANG_WARN_DOCUMENTATION_COMMENTS = YES;
				CLANG_WARN_EMPTY_BODY = YES;
				CLANG_WARN_ENUM_CONVERSION = YES;
				CLANG_WARN_INFINITE_RECURSION = YES;
				CLANG_WARN_INT_CONVERSION = YES;
				CLANG_WARN_NON_LITERAL_NULL_CONVERSION = YES;
				CLANG_WARN_OBJC_IMPLICIT_RETAIN_SELF = YES;
				CLANG_WARN_OBJC_LITERAL_CONVERSION = YES;
				CLANG_WARN_OBJC_ROOT_CLASS = YES_ERROR;
				CLANG_WARN_RANGE_LOOP_ANALYSIS = YES;
				CLANG_WARN_STRICT_PROTOTYPES = YES;
				CLANG_WARN_SUSPICIOUS_MOVE = YES;
				CLANG_WARN_UNGUARDED_AVAILABILITY = YES_AGGRESSIVE;
				CLANG_WARN_UNREACHABLE_CODE = YES;
				CLANG_WARN__DUPLICATE_METHOD_MATCH = YES;
				COPY_PHASE_STRIP = NO;
				DEBUG_INFORMATION_FORMAT = dwarf;
				ENABLE_STRICT_OBJC_MSGSEND = YES;
				ENABLE_TESTABILITY = YES;
				GCC_C_LANGUAGE_STANDARD = gnu11;
				GCC_DYNAMIC_NO_PIC = NO;
				GCC_NO_COMMON_BLOCKS = YES;
				GCC_OPTIMIZATION_LEVEL = 0;
				GCC_PREPROCESSOR_DEFINITIONS = (
					"DEBUG=1",
					"$(inherited)",
				);
				GCC_WARN_64_TO_32_BIT_CONVERSION = YES;
				GCC_WARN_ABOUT_RETURN_TYPE = YES_ERROR;
				GCC_WARN_UNDECLARED_SELECTOR = YES;
				GCC_WARN_UNINITIALIZED_AUTOS = YES_AGGRESSIVE;
				GCC_WARN_UNUSED_FUNCTION = YES;
				GCC_WARN_UNUSED_VARIABLE = YES;
				IPHONEOS_DEPLOYMENT_TARGET = 13.0;
				MTL_ENABLE_DEBUG_INFO = INCLUDE_SOURCE;
				MTL_FAST_MATH = YES;
				ONLY_ACTIVE_ARCH = YES;
				SDKROOT = iphoneos;
				SWIFT_ACTIVE_COMPILATION_CONDITIONS = DEBUG;
				SWIFT_OPTIMIZATION_LEVEL = "-Onone";
			};
			name = Debug;
		};
		348AC6AD244E468F0032F056 /* Release */ = {
			isa = XCBuildConfiguration;
			buildSettings = {
				ALWAYS_SEARCH_USER_PATHS = NO;
				CLANG_ANALYZER_NONNULL = YES;
				CLANG_ANALYZER_NUMBER_OBJECT_CONVERSION = YES_AGGRESSIVE;
				CLANG_CXX_LANGUAGE_STANDARD = "gnu++14";
				CLANG_CXX_LIBRARY = "libc++";
				CLANG_ENABLE_MODULES = YES;
				CLANG_ENABLE_OBJC_ARC = YES;
				CLANG_ENABLE_OBJC_WEAK = YES;
				CLANG_WARN_BLOCK_CAPTURE_AUTORELEASING = YES;
				CLANG_WARN_BOOL_CONVERSION = YES;
				CLANG_WARN_COMMA = YES;
				CLANG_WARN_CONSTANT_CONVERSION = YES;
				CLANG_WARN_DEPRECATED_OBJC_IMPLEMENTATIONS = YES;
				CLANG_WARN_DIRECT_OBJC_ISA_USAGE = YES_ERROR;
				CLANG_WARN_DOCUMENTATION_COMMENTS = YES;
				CLANG_WARN_EMPTY_BODY = YES;
				CLANG_WARN_ENUM_CONVERSION = YES;
				CLANG_WARN_INFINITE_RECURSION = YES;
				CLANG_WARN_INT_CONVERSION = YES;
				CLANG_WARN_NON_LITERAL_NULL_CONVERSION = YES;
				CLANG_WARN_OBJC_IMPLICIT_RETAIN_SELF = YES;
				CLANG_WARN_OBJC_LITERAL_CONVERSION = YES;
				CLANG_WARN_OBJC_ROOT_CLASS = YES_ERROR;
				CLANG_WARN_RANGE_LOOP_ANALYSIS = YES;
				CLANG_WARN_STRICT_PROTOTYPES = YES;
				CLANG_WARN_SUSPICIOUS_MOVE = YES;
				CLANG_WARN_UNGUARDED_AVAILABILITY = YES_AGGRESSIVE;
				CLANG_WARN_UNREACHABLE_CODE = YES;
				CLANG_WARN__DUPLICATE_METHOD_MATCH = YES;
				COPY_PHASE_STRIP = NO;
				DEBUG_INFORMATION_FORMAT = "dwarf-with-dsym";
				ENABLE_NS_ASSERTIONS = NO;
				ENABLE_STRICT_OBJC_MSGSEND = YES;
				GCC_C_LANGUAGE_STANDARD = gnu11;
				GCC_NO_COMMON_BLOCKS = YES;
				GCC_WARN_64_TO_32_BIT_CONVERSION = YES;
				GCC_WARN_ABOUT_RETURN_TYPE = YES_ERROR;
				GCC_WARN_UNDECLARED_SELECTOR = YES;
				GCC_WARN_UNINITIALIZED_AUTOS = YES_AGGRESSIVE;
				GCC_WARN_UNUSED_FUNCTION = YES;
				GCC_WARN_UNUSED_VARIABLE = YES;
				IPHONEOS_DEPLOYMENT_TARGET = 13.0;
				MTL_ENABLE_DEBUG_INFO = NO;
				MTL_FAST_MATH = YES;
				SDKROOT = iphoneos;
				SWIFT_COMPILATION_MODE = wholemodule;
				SWIFT_OPTIMIZATION_LEVEL = "-O";
				VALIDATE_PRODUCT = YES;
			};
			name = Release;
		};
		348AC6AF244E468F0032F056 /* Debug */ = {
			isa = XCBuildConfiguration;
			buildSettings = {
				ASSETCATALOG_COMPILER_APPICON_NAME = AppIcon;
				CODE_SIGN_STYLE = Automatic;
				DEVELOPMENT_TEAM = 9VQ88X3US5;
				INFOPLIST_FILE = MemeMe1.0/Info.plist;
				IPHONEOS_DEPLOYMENT_TARGET = 13.0;
				LD_RUNPATH_SEARCH_PATHS = (
					"$(inherited)",
					"@executable_path/Frameworks",
				);
				PRODUCT_BUNDLE_IDENTIFIER = jonathanmiranda.MemeMe;
				PRODUCT_NAME = MemeMe;
				SWIFT_VERSION = 5.0;
				TARGETED_DEVICE_FAMILY = "1,2";
			};
			name = Debug;
		};
		348AC6B0244E468F0032F056 /* Release */ = {
			isa = XCBuildConfiguration;
			buildSettings = {
				ASSETCATALOG_COMPILER_APPICON_NAME = AppIcon;
				CODE_SIGN_STYLE = Automatic;
				DEVELOPMENT_TEAM = 9VQ88X3US5;
				INFOPLIST_FILE = MemeMe1.0/Info.plist;
				IPHONEOS_DEPLOYMENT_TARGET = 13.0;
				LD_RUNPATH_SEARCH_PATHS = (
					"$(inherited)",
					"@executable_path/Frameworks",
				);
				PRODUCT_BUNDLE_IDENTIFIER = jonathanmiranda.MemeMe;
				PRODUCT_NAME = MemeMe;
				SWIFT_VERSION = 5.0;
				TARGETED_DEVICE_FAMILY = "1,2";
			};
			name = Release;
		};
/* End XCBuildConfiguration section */

/* Begin XCConfigurationList section */
		348AC695244E468A0032F056 /* Build configuration list for PBXProject "MemeMe1.0" */ = {
			isa = XCConfigurationList;
			buildConfigurations = (
				348AC6AC244E468F0032F056 /* Debug */,
				348AC6AD244E468F0032F056 /* Release */,
			);
			defaultConfigurationIsVisible = 0;
			defaultConfigurationName = Release;
		};
		348AC6AE244E468F0032F056 /* Build configuration list for PBXNativeTarget "MemeMe1.0" */ = {
			isa = XCConfigurationList;
			buildConfigurations = (
				348AC6AF244E468F0032F056 /* Debug */,
				348AC6B0244E468F0032F056 /* Release */,
			);
			defaultConfigurationIsVisible = 0;
			defaultConfigurationName = Release;
		};
/* End XCConfigurationList section */
	};
	rootObject = 348AC692244E468A0032F056 /* Project object */;
}
